
Microsoft Visual Studio Solution File, Format Version 12.00
# Visual Studio Version 17
VisualStudioVersion = 17.0.32014.148
MinimumVisualStudioVersion = 10.0.40219.1
Project("{FAE04EC0-301F-11D3-BF4B-00C04F79EFBC}") = "Factory Project", "Factory Project\Factory Project.csproj", "{DC6DA7C6-6FC8-4861-A926-4DDE1A6AE400}"
EndProject
Global
	GlobalSection(SolutionConfigurationPlatforms) = preSolution
		Debug|Any CPU = Debug|Any CPU
		Release|Any CPU = Release|Any CPU
	EndGlobalSection
	GlobalSection(ProjectConfigurationPlatforms) = postSolution
		{DC6DA7C6-6FC8-4861-A926-4DDE1A6AE400}.Debug|Any CPU.ActiveCfg = Debug|Any CPU
		{DC6DA7C6-6FC8-4861-A926-4DDE1A6AE400}.Debug|Any CPU.Build.0 = Debug|Any CPU
		{DC6DA7C6-6FC8-4861-A926-4DDE1A6AE400}.Release|Any CPU.ActiveCfg = Release|Any CPU
		{DC6DA7C6-6FC8-4861-A926-4DDE1A6AE400}.Release|Any CPU.Build.0 = Release|Any CPU
	EndGlobalSection
	GlobalSection(SolutionProperties) = preSolution
		HideSolutionNode = FALSE
	EndGlobalSection
	GlobalSection(ExtensibilityGlobals) = postSolution
		SolutionGuid = {F152B4DA-E3B1-4C18-954F-EC77F9A53B01}
	EndGlobalSection
EndGlobal
